
Microsoft Visual Studio Solution File, Format Version 12.00
# Visual Studio 15
Project("{FAE04EC0-301F-11D3-BF4B-00C04F79EFBC}") = "GoogleMobileAds", "GoogleMobileAds.csproj", "{4088CDE8-E46B-3780-AA65-EEEC3DE04465}"
EndProject
Project("{FAE04EC0-301F-11D3-BF4B-00C04F79EFBC}") = "Assembly-CSharp", "Assembly-CSharp.csproj", "{79217A2D-CF09-7AE8-40F0-92EC672DE0A8}"
EndProject
Project("{FAE04EC0-301F-11D3-BF4B-00C04F79EFBC}") = "Assembly-CSharp-firstpass", "Assembly-CSharp-firstpass.csproj", "{077907A5-F7E1-1B43-E5E6-7CE87E714E3A}"
EndProject
Project("{FAE04EC0-301F-11D3-BF4B-00C04F79EFBC}") = "GoogleMobileAds.Editor", "GoogleMobileAds.Editor.csproj", "{1BC19E95-4152-BD0F-CB31-CC65D029D172}"
EndProject
Project("{FAE04EC0-301F-11D3-BF4B-00C04F79EFBC}") = "Assembly-CSharp-Editor-firstpass", "Assembly-CSharp-Editor-firstpass.csproj", "{3E1184CA-A16D-9D1E-61FB-6F37867B0902}"
EndProject
Global
	GlobalSection(SolutionConfigurationPlatforms) = preSolution
		Debug|Any CPU = Debug|Any CPU
		Release|Any CPU = Release|Any CPU
	EndGlobalSection
	GlobalSection(ProjectConfigurationPlatforms) = postSolution
		{4088CDE8-E46B-3780-AA65-EEEC3DE04465}.Debug|Any CPU.ActiveCfg = Debug|Any CPU
		{4088CDE8-E46B-3780-AA65-EEEC3DE04465}.Debug|Any CPU.Build.0 = Debug|Any CPU
		{4088CDE8-E46B-3780-AA65-EEEC3DE04465}.Release|Any CPU.ActiveCfg = Release|Any CPU
		{4088CDE8-E46B-3780-AA65-EEEC3DE04465}.Release|Any CPU.Build.0 = Release|Any CPU
		{79217A2D-CF09-7AE8-40F0-92EC672DE0A8}.Debug|Any CPU.ActiveCfg = Debug|Any CPU
		{79217A2D-CF09-7AE8-40F0-92EC672DE0A8}.Debug|Any CPU.Build.0 = Debug|Any CPU
		{79217A2D-CF09-7AE8-40F0-92EC672DE0A8}.Release|Any CPU.ActiveCfg = Release|Any CPU
		{79217A2D-CF09-7AE8-40F0-92EC672DE0A8}.Release|Any CPU.Build.0 = Release|Any CPU
		{077907A5-F7E1-1B43-E5E6-7CE87E714E3A}.Debug|Any CPU.ActiveCfg = Debug|Any CPU
		{077907A5-F7E1-1B43-E5E6-7CE87E714E3A}.Debug|Any CPU.Build.0 = Debug|Any CPU
		{077907A5-F7E1-1B43-E5E6-7CE87E714E3A}.Release|Any CPU.ActiveCfg = Release|Any CPU
		{077907A5-F7E1-1B43-E5E6-7CE87E714E3A}.Release|Any CPU.Build.0 = Release|Any CPU
		{1BC19E95-4152-BD0F-CB31-CC65D029D172}.Debug|Any CPU.ActiveCfg = Debug|Any CPU
		{1BC19E95-4152-BD0F-CB31-CC65D029D172}.Debug|Any CPU.Build.0 = Debug|Any CPU
		{1BC19E95-4152-BD0F-CB31-CC65D029D172}.Release|Any CPU.ActiveCfg = Release|Any CPU
		{1BC19E95-4152-BD0F-CB31-CC65D029D172}.Release|Any CPU.Build.0 = Release|Any CPU
		{3E1184CA-A16D-9D1E-61FB-6F37867B0902}.Debug|Any CPU.ActiveCfg = Debug|Any CPU
		{3E1184CA-A16D-9D1E-61FB-6F37867B0902}.Debug|Any CPU.Build.0 = Debug|Any CPU
		{3E1184CA-A16D-9D1E-61FB-6F37867B0902}.Release|Any CPU.ActiveCfg = Release|Any CPU
		{3E1184CA-A16D-9D1E-61FB-6F37867B0902}.Release|Any CPU.Build.0 = Release|Any CPU
	EndGlobalSection
	GlobalSection(SolutionProperties) = preSolution
		HideSolutionNode = FALSE
	EndGlobalSection
EndGlobal
